
Microsoft Visual Studio Solution File, Format Version 12.00
# Visual Studio 2015
Project("{FAE04EC0-301F-11D3-BF4B-00C04F79EFBC}") = "Space Explorers.Plugins", "Space Explorers.Plugins.csproj", "{9CC3C7B0-9EF9-F5CE-DF9D-09BABFF75816}"
EndProject
Project("{FAE04EC0-301F-11D3-BF4B-00C04F79EFBC}") = "Space Explorers", "Space Explorers.csproj", "{AD729CFC-3588-0C6C-AD21-D05EE3DCAB76}"
EndProject
Project("{FAE04EC0-301F-11D3-BF4B-00C04F79EFBC}") = "Space Explorers.Editor.Plugins", "Space Explorers.Editor.Plugins.csproj", "{AE8F08A8-6A4B-6201-936A-A6AEDF93BDE9}"
EndProject
Global
	GlobalSection(SolutionConfigurationPlatforms) = preSolution
		Debug|Any CPU = Debug|Any CPU
		Release|Any CPU = Release|Any CPU
	EndGlobalSection
	GlobalSection(ProjectConfigurationPlatforms) = postSolution
		{9CC3C7B0-9EF9-F5CE-DF9D-09BABFF75816}.Debug|Any CPU.ActiveCfg = Debug|Any CPU
		{9CC3C7B0-9EF9-F5CE-DF9D-09BABFF75816}.Debug|Any CPU.Build.0 = Debug|Any CPU
		{9CC3C7B0-9EF9-F5CE-DF9D-09BABFF75816}.Release|Any CPU.ActiveCfg = Release|Any CPU
		{9CC3C7B0-9EF9-F5CE-DF9D-09BABFF75816}.Release|Any CPU.Build.0 = Release|Any CPU
		{AD729CFC-3588-0C6C-AD21-D05EE3DCAB76}.Debug|Any CPU.ActiveCfg = Debug|Any CPU
		{AD729CFC-3588-0C6C-AD21-D05EE3DCAB76}.Debug|Any CPU.Build.0 = Debug|Any CPU
		{AD729CFC-3588-0C6C-AD21-D05EE3DCAB76}.Release|Any CPU.ActiveCfg = Release|Any CPU
		{AD729CFC-3588-0C6C-AD21-D05EE3DCAB76}.Release|Any CPU.Build.0 = Release|Any CPU
		{AE8F08A8-6A4B-6201-936A-A6AEDF93BDE9}.Debug|Any CPU.ActiveCfg = Debug|Any CPU
		{AE8F08A8-6A4B-6201-936A-A6AEDF93BDE9}.Debug|Any CPU.Build.0 = Debug|Any CPU
		{AE8F08A8-6A4B-6201-936A-A6AEDF93BDE9}.Release|Any CPU.ActiveCfg = Release|Any CPU
		{AE8F08A8-6A4B-6201-936A-A6AEDF93BDE9}.Release|Any CPU.Build.0 = Release|Any CPU
	EndGlobalSection
	GlobalSection(SolutionProperties) = preSolution
		HideSolutionNode = FALSE
	EndGlobalSection
EndGlobal
